
Microsoft Visual Studio Solution File, Format Version 12.00
# Visual Studio Version 16
VisualStudioVersion = 16.0.30011.22
MinimumVisualStudioVersion = 10.0.40219.1
Project("{FAE04EC0-301F-11D3-BF4B-00C04F79EFBC}") = "Openxml", "Openxml\Openxml.csproj", "{D9D07CB3-333E-4DAE-A8D3-DD1EF53E96FF}"
EndProject
Global
	GlobalSection(SolutionConfigurationPlatforms) = preSolution
		Debug|Any CPU = Debug|Any CPU
		Release|Any CPU = Release|Any CPU
	EndGlobalSection
	GlobalSection(ProjectConfigurationPlatforms) = postSolution
		{D9D07CB3-333E-4DAE-A8D3-DD1EF53E96FF}.Debug|Any CPU.ActiveCfg = Debug|Any CPU
		{D9D07CB3-333E-4DAE-A8D3-DD1EF53E96FF}.Debug|Any CPU.Build.0 = Debug|Any CPU
		{D9D07CB3-333E-4DAE-A8D3-DD1EF53E96FF}.Release|Any CPU.ActiveCfg = Release|Any CPU
		{D9D07CB3-333E-4DAE-A8D3-DD1EF53E96FF}.Release|Any CPU.Build.0 = Release|Any CPU
	EndGlobalSection
	GlobalSection(SolutionProperties) = preSolution
		HideSolutionNode = FALSE
	EndGlobalSection
	GlobalSection(ExtensibilityGlobals) = postSolution
		SolutionGuid = {8822F0E2-085E-4A4A-9441-9582C151ED8C}
	EndGlobalSection
EndGlobal
